
Microsoft Visual Studio Solution File, Format Version 12.00
# Visual Studio Version 17
VisualStudioVersion = 17.0.31903.59
MinimumVisualStudioVersion = 10.0.40219.1
Project("{FAE04EC0-301F-11D3-BF4B-00C04F79EFBC}") = "Api_", "API_\Api_.csproj", "{0DEBB85F-C223-4240-A91D-58CBCFD00DFC}"
EndProject
Project("{FAE04EC0-301F-11D3-BF4B-00C04F79EFBC}") = "BLL", "Application.BLL\BLL.csproj", "{E644E7E7-2933-40B0-8AD5-2F1B17122061}"
EndProject
Project("{54A90642-561A-4BB1-A94E-469ADEE60C69}") = "react", "react\react.esproj", "{2DC6648E-746B-B2CE-D7D7-59FCEE909F41}"
EndProject
Project("{FAE04EC0-301F-11D3-BF4B-00C04F79EFBC}") = "DAL", "DAL\DAL.csproj", "{63565B9D-A635-45E4-B23E-754E1796FF46}"
EndProject
Global
	GlobalSection(SolutionConfigurationPlatforms) = preSolution
		Debug|Any CPU = Debug|Any CPU
		Release|Any CPU = Release|Any CPU
	EndGlobalSection
	GlobalSection(ProjectConfigurationPlatforms) = postSolution
		{0DEBB85F-C223-4240-A91D-58CBCFD00DFC}.Debug|Any CPU.ActiveCfg = Debug|Any CPU
		{0DEBB85F-C223-4240-A91D-58CBCFD00DFC}.Debug|Any CPU.Build.0 = Debug|Any CPU
		{0DEBB85F-C223-4240-A91D-58CBCFD00DFC}.Release|Any CPU.ActiveCfg = Release|Any CPU
		{0DEBB85F-C223-4240-A91D-58CBCFD00DFC}.Release|Any CPU.Build.0 = Release|Any CPU
		{E644E7E7-2933-40B0-8AD5-2F1B17122061}.Debug|Any CPU.ActiveCfg = Debug|Any CPU
		{E644E7E7-2933-40B0-8AD5-2F1B17122061}.Debug|Any CPU.Build.0 = Debug|Any CPU
		{E644E7E7-2933-40B0-8AD5-2F1B17122061}.Release|Any CPU.ActiveCfg = Release|Any CPU
		{E644E7E7-2933-40B0-8AD5-2F1B17122061}.Release|Any CPU.Build.0 = Release|Any CPU
		{2DC6648E-746B-B2CE-D7D7-59FCEE909F41}.Debug|Any CPU.ActiveCfg = Debug|Any CPU
		{2DC6648E-746B-B2CE-D7D7-59FCEE909F41}.Debug|Any CPU.Build.0 = Debug|Any CPU
		{2DC6648E-746B-B2CE-D7D7-59FCEE909F41}.Debug|Any CPU.Deploy.0 = Debug|Any CPU
		{2DC6648E-746B-B2CE-D7D7-59FCEE909F41}.Release|Any CPU.ActiveCfg = Release|Any CPU
		{2DC6648E-746B-B2CE-D7D7-59FCEE909F41}.Release|Any CPU.Build.0 = Release|Any CPU
		{2DC6648E-746B-B2CE-D7D7-59FCEE909F41}.Release|Any CPU.Deploy.0 = Release|Any CPU
		{63565B9D-A635-45E4-B23E-754E1796FF46}.Debug|Any CPU.ActiveCfg = Debug|Any CPU
		{63565B9D-A635-45E4-B23E-754E1796FF46}.Debug|Any CPU.Build.0 = Debug|Any CPU
		{63565B9D-A635-45E4-B23E-754E1796FF46}.Release|Any CPU.ActiveCfg = Release|Any CPU
		{63565B9D-A635-45E4-B23E-754E1796FF46}.Release|Any CPU.Build.0 = Release|Any CPU
	EndGlobalSection
	GlobalSection(SolutionProperties) = preSolution
		HideSolutionNode = FALSE
	EndGlobalSection
	GlobalSection(ExtensibilityGlobals) = postSolution
		SolutionGuid = {D42A6A5F-2338-4791-A387-049072B628EA}
	EndGlobalSection
EndGlobal
