
Microsoft Visual Studio Solution File, Format Version 12.00
# Visual Studio Version 17
VisualStudioVersion = 17.0.31903.59
MinimumVisualStudioVersion = 10.0.40219.1
Project("{FAE04EC0-301F-11D3-BF4B-00C04F79EFBC}") = "API", "API\API.csproj", "{0DEBB85F-C223-4240-A91D-58CBCFD00DFC}"
EndProject
Project("{FAE04EC0-301F-11D3-BF4B-00C04F79EFBC}") = "Application.BLL", "Application.BLL\Application.BLL.csproj", "{E644E7E7-2933-40B0-8AD5-2F1B17122061}"
EndProject
Project("{FAE04EC0-301F-11D3-BF4B-00C04F79EFBC}") = "Application.DAL", "Application.DAL\Application.DAL.csproj", "{9B0F5764-FD17-4C39-8757-01D715F0B307}"
EndProject
Project("{54A90642-561A-4BB1-A94E-469ADEE60C69}") = "reactproject", "Reactproject\reactproject.esproj", "{BB0353BE-49C8-2AD4-0488-0F48F471E030}"
EndProject
Global
	GlobalSection(SolutionConfigurationPlatforms) = preSolution
		Debug|Any CPU = Debug|Any CPU
		Release|Any CPU = Release|Any CPU
	EndGlobalSection
	GlobalSection(ProjectConfigurationPlatforms) = postSolution
		{0DEBB85F-C223-4240-A91D-58CBCFD00DFC}.Debug|Any CPU.ActiveCfg = Debug|Any CPU
		{0DEBB85F-C223-4240-A91D-58CBCFD00DFC}.Debug|Any CPU.Build.0 = Debug|Any CPU
		{0DEBB85F-C223-4240-A91D-58CBCFD00DFC}.Release|Any CPU.ActiveCfg = Release|Any CPU
		{0DEBB85F-C223-4240-A91D-58CBCFD00DFC}.Release|Any CPU.Build.0 = Release|Any CPU
		{E644E7E7-2933-40B0-8AD5-2F1B17122061}.Debug|Any CPU.ActiveCfg = Debug|Any CPU
		{E644E7E7-2933-40B0-8AD5-2F1B17122061}.Debug|Any CPU.Build.0 = Debug|Any CPU
		{E644E7E7-2933-40B0-8AD5-2F1B17122061}.Release|Any CPU.ActiveCfg = Release|Any CPU
		{E644E7E7-2933-40B0-8AD5-2F1B17122061}.Release|Any CPU.Build.0 = Release|Any CPU
		{9B0F5764-FD17-4C39-8757-01D715F0B307}.Debug|Any CPU.ActiveCfg = Debug|Any CPU
		{9B0F5764-FD17-4C39-8757-01D715F0B307}.Debug|Any CPU.Build.0 = Debug|Any CPU
		{9B0F5764-FD17-4C39-8757-01D715F0B307}.Release|Any CPU.ActiveCfg = Release|Any CPU
		{9B0F5764-FD17-4C39-8757-01D715F0B307}.Release|Any CPU.Build.0 = Release|Any CPU
		{BB0353BE-49C8-2AD4-0488-0F48F471E030}.Debug|Any CPU.ActiveCfg = Debug|Any CPU
		{BB0353BE-49C8-2AD4-0488-0F48F471E030}.Debug|Any CPU.Build.0 = Debug|Any CPU
		{BB0353BE-49C8-2AD4-0488-0F48F471E030}.Debug|Any CPU.Deploy.0 = Debug|Any CPU
		{BB0353BE-49C8-2AD4-0488-0F48F471E030}.Release|Any CPU.ActiveCfg = Release|Any CPU
		{BB0353BE-49C8-2AD4-0488-0F48F471E030}.Release|Any CPU.Build.0 = Release|Any CPU
		{BB0353BE-49C8-2AD4-0488-0F48F471E030}.Release|Any CPU.Deploy.0 = Release|Any CPU
	EndGlobalSection
	GlobalSection(SolutionProperties) = preSolution
		HideSolutionNode = FALSE
	EndGlobalSection
	GlobalSection(ExtensibilityGlobals) = postSolution
		SolutionGuid = {D42A6A5F-2338-4791-A387-049072B628EA}
	EndGlobalSection
EndGlobal
